
Microsoft Visual Studio Solution File, Format Version 12.00
# Visual Studio Version 17
VisualStudioVersion = 17.0.31903.59
MinimumVisualStudioVersion = 10.0.40219.1
Project("{2150E333-8FDC-42A3-9474-1A3956D46DE8}") = "services", "services", "{5854FF58-B8C5-05C6-5BF2-ACE42193F22B}"
EndProject
Project("{2150E333-8FDC-42A3-9474-1A3956D46DE8}") = "identity-service", "identity-service", "{A86387A1-6CB7-E87F-8D97-922B56EDCEFC}"
EndProject
Project("{FAE04EC0-301F-11D3-BF4B-00C04F79EFBC}") = "IdentityService", "services\identity-service\IdentityService.csproj", "{707046E0-13DD-4F3F-8B84-4013DFBECA0A}"
EndProject
Project("{2150E333-8FDC-42A3-9474-1A3956D46DE8}") = "api-gateway", "api-gateway", "{D5740E39-79EC-8D71-EBC3-DD458F48E25C}"
EndProject
Project("{FAE04EC0-301F-11D3-BF4B-00C04F79EFBC}") = "ApiGateway", "api-gateway\ApiGateway\ApiGateway.csproj", "{C255C89F-8D5B-49A9-A091-D415C7A903E4}"
EndProject
Project("{2150E333-8FDC-42A3-9474-1A3956D46DE8}") = "catalog-service", "catalog-service", "{0A4BA796-2639-87B5-8D50-FE6CF0121D9B}"
EndProject
Project("{FAE04EC0-301F-11D3-BF4B-00C04F79EFBC}") = "CatalogService", "services\catalog-service\CatalogService.csproj", "{094334F2-B691-47B7-821F-27E825A595D6}"
EndProject
Project("{2150E333-8FDC-42A3-9474-1A3956D46DE8}") = "order-service", "order-service", "{1B5C9E8F-3D2A-4C5E-9F1E-8B2D5F7A9C3E}"
EndProject
Project("{FAE04EC0-301F-11D3-BF4B-00C04F79EFBC}") = "OrderService", "services\order-service\OrderService.csproj", "{466E62BB-4B09-4999-0229-D9209C1A7B8A}"
EndProject
Project("{2150E333-8FDC-42A3-9474-1A3956D46DE8}") = "payment-service", "payment-service", "{4E227855-4648-962A-E790-FD207C358556}"
EndProject
Project("{FAE04EC0-301F-11D3-BF4B-00C04F79EFBC}") = "PaymentService", "services\payment-service\PaymentService.csproj", "{7A6ECE9F-D49E-414D-A5E0-C2A5D67E3FCA}"
EndProject
Project("{2150E333-8FDC-42A3-9474-1A3956D46DE8}") = "fulfillment-service", "fulfillment-service", "{B08A9791-AC8B-4C21-9E9F-79A1FB5203B9}"
EndProject
Project("{FAE04EC0-301F-11D3-BF4B-00C04F79EFBC}") = "FulfillmentService", "services\fulfillment-service\FulfillmentService.csproj", "{A40A68B1-1D9A-4C55-A59D-7AA08E4A2481}"
EndProject
Project("{2150E333-8FDC-42A3-9474-1A3956D46DE8}") = "building-blocks", "building-blocks", "{31CBEB51-93DC-9CA1-DA8D-67643319BEE1}"
EndProject
Project("{FAE04EC0-301F-11D3-BF4B-00C04F79EFBC}") = "BuildingBlocks", "building-blocks\BuildingBlocks\BuildingBlocks.csproj", "{61F436F4-7CCA-4514-ADB5-43CA085AF288}"
EndProject
Project("{2150E333-8FDC-42A3-9474-1A3956D46DE8}") = "tests", "tests", "{5B81F431-0BF1-40C5-AC35-1B83E0B0C612}"
EndProject
Project("{FAE04EC0-301F-11D3-BF4B-00C04F79EFBC}") = "ApiGateway.Tests", "api-gateway\ApiGateway.Tests\ApiGateway.Tests.csproj", "{4BD3BFB7-2941-43B4-9074-B2C83B081F0E}"
EndProject
Project("{FAE04EC0-301F-11D3-BF4B-00C04F79EFBC}") = "BuildingBlocks.Tests", "building-blocks\BuildingBlocks.Tests\BuildingBlocks.Tests.csproj", "{2C77F99A-9F8B-4D16-9CB9-3F980C4D5EAD}"
EndProject
Global
	GlobalSection(SolutionConfigurationPlatforms) = preSolution
		Debug|Any CPU = Debug|Any CPU
		Debug|x64 = Debug|x64
		Debug|x86 = Debug|x86
		Release|Any CPU = Release|Any CPU
		Release|x64 = Release|x64
		Release|x86 = Release|x86
	EndGlobalSection
	GlobalSection(ProjectConfigurationPlatforms) = postSolution
		{707046E0-13DD-4F3F-8B84-4013DFBECA0A}.Debug|Any CPU.ActiveCfg = Debug|Any CPU
		{707046E0-13DD-4F3F-8B84-4013DFBECA0A}.Debug|Any CPU.Build.0 = Debug|Any CPU
		{707046E0-13DD-4F3F-8B84-4013DFBECA0A}.Debug|x64.ActiveCfg = Debug|Any CPU
		{707046E0-13DD-4F3F-8B84-4013DFBECA0A}.Debug|x64.Build.0 = Debug|Any CPU
		{707046E0-13DD-4F3F-8B84-4013DFBECA0A}.Debug|x86.ActiveCfg = Debug|Any CPU
		{707046E0-13DD-4F3F-8B84-4013DFBECA0A}.Debug|x86.Build.0 = Debug|Any CPU
		{707046E0-13DD-4F3F-8B84-4013DFBECA0A}.Release|Any CPU.ActiveCfg = Release|Any CPU
		{707046E0-13DD-4F3F-8B84-4013DFBECA0A}.Release|Any CPU.Build.0 = Release|Any CPU
		{707046E0-13DD-4F3F-8B84-4013DFBECA0A}.Release|x64.ActiveCfg = Release|Any CPU
		{707046E0-13DD-4F3F-8B84-4013DFBECA0A}.Release|x64.Build.0 = Release|Any CPU
		{707046E0-13DD-4F3F-8B84-4013DFBECA0A}.Release|x86.ActiveCfg = Release|Any CPU
		{707046E0-13DD-4F3F-8B84-4013DFBECA0A}.Release|x86.Build.0 = Release|Any CPU
		{C255C89F-8D5B-49A9-A091-D415C7A903E4}.Debug|Any CPU.ActiveCfg = Debug|Any CPU
		{C255C89F-8D5B-49A9-A091-D415C7A903E4}.Debug|Any CPU.Build.0 = Debug|Any CPU
		{C255C89F-8D5B-49A9-A091-D415C7A903E4}.Debug|x64.ActiveCfg = Debug|Any CPU
		{C255C89F-8D5B-49A9-A091-D415C7A903E4}.Debug|x64.Build.0 = Debug|Any CPU
		{C255C89F-8D5B-49A9-A091-D415C7A903E4}.Debug|x86.ActiveCfg = Debug|Any CPU
		{C255C89F-8D5B-49A9-A091-D415C7A903E4}.Debug|x86.Build.0 = Debug|Any CPU
		{C255C89F-8D5B-49A9-A091-D415C7A903E4}.Release|Any CPU.ActiveCfg = Release|Any CPU
		{C255C89F-8D5B-49A9-A091-D415C7A903E4}.Release|Any CPU.Build.0 = Release|Any CPU
		{C255C89F-8D5B-49A9-A091-D415C7A903E4}.Release|x64.ActiveCfg = Release|Any CPU
		{C255C89F-8D5B-49A9-A091-D415C7A903E4}.Release|x64.Build.0 = Release|Any CPU
		{C255C89F-8D5B-49A9-A091-D415C7A903E4}.Release|x86.ActiveCfg = Release|Any CPU
		{C255C89F-8D5B-49A9-A091-D415C7A903E4}.Release|x86.Build.0 = Release|Any CPU
		{094334F2-B691-47B7-821F-27E825A595D6}.Debug|Any CPU.ActiveCfg = Debug|Any CPU
		{094334F2-B691-47B7-821F-27E825A595D6}.Debug|Any CPU.Build.0 = Debug|Any CPU
		{094334F2-B691-47B7-821F-27E825A595D6}.Debug|x64.ActiveCfg = Debug|Any CPU
		{094334F2-B691-47B7-821F-27E825A595D6}.Debug|x64.Build.0 = Debug|Any CPU
		{094334F2-B691-47B7-821F-27E825A595D6}.Debug|x86.ActiveCfg = Debug|Any CPU
		{094334F2-B691-47B7-821F-27E825A595D6}.Debug|x86.Build.0 = Debug|Any CPU
		{094334F2-B691-47B7-821F-27E825A595D6}.Release|Any CPU.ActiveCfg = Release|Any CPU
		{094334F2-B691-47B7-821F-27E825A595D6}.Release|Any CPU.Build.0 = Release|Any CPU
		{094334F2-B691-47B7-821F-27E825A595D6}.Release|x64.ActiveCfg = Release|Any CPU
		{094334F2-B691-47B7-821F-27E825A595D6}.Release|x64.Build.0 = Release|Any CPU
		{094334F2-B691-47B7-821F-27E825A595D6}.Release|x86.ActiveCfg = Release|Any CPU
		{094334F2-B691-47B7-821F-27E825A595D6}.Release|x86.Build.0 = Release|Any CPU
		{7A6ECE9F-D49E-414D-A5E0-C2A5D67E3FCA}.Debug|Any CPU.ActiveCfg = Debug|Any CPU
		{7A6ECE9F-D49E-414D-A5E0-C2A5D67E3FCA}.Debug|Any CPU.Build.0 = Debug|Any CPU
		{7A6ECE9F-D49E-414D-A5E0-C2A5D67E3FCA}.Debug|x64.ActiveCfg = Debug|Any CPU
		{7A6ECE9F-D49E-414D-A5E0-C2A5D67E3FCA}.Debug|x64.Build.0 = Debug|Any CPU
		{7A6ECE9F-D49E-414D-A5E0-C2A5D67E3FCA}.Debug|x86.ActiveCfg = Debug|Any CPU
		{7A6ECE9F-D49E-414D-A5E0-C2A5D67E3FCA}.Debug|x86.Build.0 = Debug|Any CPU
		{7A6ECE9F-D49E-414D-A5E0-C2A5D67E3FCA}.Release|Any CPU.ActiveCfg = Release|Any CPU
		{7A6ECE9F-D49E-414D-A5E0-C2A5D67E3FCA}.Release|Any CPU.Build.0 = Release|Any CPU
		{7A6ECE9F-D49E-414D-A5E0-C2A5D67E3FCA}.Release|x64.ActiveCfg = Release|Any CPU
		{7A6ECE9F-D49E-414D-A5E0-C2A5D67E3FCA}.Release|x64.Build.0 = Release|Any CPU
		{7A6ECE9F-D49E-414D-A5E0-C2A5D67E3FCA}.Release|x86.ActiveCfg = Release|Any CPU
		{7A6ECE9F-D49E-414D-A5E0-C2A5D67E3FCA}.Release|x86.Build.0 = Release|Any CPU
		{A40A68B1-1D9A-4C55-A59D-7AA08E4A2481}.Debug|Any CPU.ActiveCfg = Debug|Any CPU
		{A40A68B1-1D9A-4C55-A59D-7AA08E4A2481}.Debug|Any CPU.Build.0 = Debug|Any CPU
		{A40A68B1-1D9A-4C55-A59D-7AA08E4A2481}.Debug|x64.ActiveCfg = Debug|Any CPU
		{A40A68B1-1D9A-4C55-A59D-7AA08E4A2481}.Debug|x64.Build.0 = Debug|Any CPU
		{A40A68B1-1D9A-4C55-A59D-7AA08E4A2481}.Debug|x86.ActiveCfg = Debug|Any CPU
		{A40A68B1-1D9A-4C55-A59D-7AA08E4A2481}.Debug|x86.Build.0 = Debug|Any CPU
		{A40A68B1-1D9A-4C55-A59D-7AA08E4A2481}.Release|Any CPU.ActiveCfg = Release|Any CPU
		{A40A68B1-1D9A-4C55-A59D-7AA08E4A2481}.Release|Any CPU.Build.0 = Release|Any CPU
		{A40A68B1-1D9A-4C55-A59D-7AA08E4A2481}.Release|x64.ActiveCfg = Release|Any CPU
		{A40A68B1-1D9A-4C55-A59D-7AA08E4A2481}.Release|x64.Build.0 = Release|Any CPU
		{A40A68B1-1D9A-4C55-A59D-7AA08E4A2481}.Release|x86.ActiveCfg = Release|Any CPU
		{A40A68B1-1D9A-4C55-A59D-7AA08E4A2481}.Release|x86.Build.0 = Release|Any CPU
		{61F436F4-7CCA-4514-ADB5-43CA085AF288}.Debug|Any CPU.ActiveCfg = Debug|Any CPU
		{61F436F4-7CCA-4514-ADB5-43CA085AF288}.Debug|Any CPU.Build.0 = Debug|Any CPU
		{61F436F4-7CCA-4514-ADB5-43CA085AF288}.Debug|x64.ActiveCfg = Debug|Any CPU
		{61F436F4-7CCA-4514-ADB5-43CA085AF288}.Debug|x64.Build.0 = Debug|Any CPU
		{61F436F4-7CCA-4514-ADB5-43CA085AF288}.Debug|x86.ActiveCfg = Debug|Any CPU
		{61F436F4-7CCA-4514-ADB5-43CA085AF288}.Debug|x86.Build.0 = Debug|Any CPU
		{61F436F4-7CCA-4514-ADB5-43CA085AF288}.Release|Any CPU.ActiveCfg = Release|Any CPU
		{61F436F4-7CCA-4514-ADB5-43CA085AF288}.Release|Any CPU.Build.0 = Release|Any CPU
		{61F436F4-7CCA-4514-ADB5-43CA085AF288}.Release|x64.ActiveCfg = Release|Any CPU
		{61F436F4-7CCA-4514-ADB5-43CA085AF288}.Release|x64.Build.0 = Release|Any CPU
		{61F436F4-7CCA-4514-ADB5-43CA085AF288}.Release|x86.ActiveCfg = Release|Any CPU
		{61F436F4-7CCA-4514-ADB5-43CA085AF288}.Release|x86.Build.0 = Release|Any CPU
		{4BD3BFB7-2941-43B4-9074-B2C83B081F0E}.Debug|Any CPU.ActiveCfg = Debug|Any CPU
		{4BD3BFB7-2941-43B4-9074-B2C83B081F0E}.Debug|Any CPU.Build.0 = Debug|Any CPU
		{4BD3BFB7-2941-43B4-9074-B2C83B081F0E}.Debug|x64.ActiveCfg = Debug|Any CPU
		{4BD3BFB7-2941-43B4-9074-B2C83B081F0E}.Debug|x64.Build.0 = Debug|Any CPU
		{4BD3BFB7-2941-43B4-9074-B2C83B081F0E}.Debug|x86.ActiveCfg = Debug|Any CPU
		{4BD3BFB7-2941-43B4-9074-B2C83B081F0E}.Debug|x86.Build.0 = Debug|Any CPU
		{4BD3BFB7-2941-43B4-9074-B2C83B081F0E}.Release|Any CPU.ActiveCfg = Release|Any CPU
		{4BD3BFB7-2941-43B4-9074-B2C83B081F0E}.Release|Any CPU.Build.0 = Release|Any CPU
		{4BD3BFB7-2941-43B4-9074-B2C83B081F0E}.Release|x64.ActiveCfg = Release|Any CPU
		{4BD3BFB7-2941-43B4-9074-B2C83B081F0E}.Release|x64.Build.0 = Release|Any CPU
		{4BD3BFB7-2941-43B4-9074-B2C83B081F0E}.Release|x86.ActiveCfg = Release|Any CPU
		{4BD3BFB7-2941-43B4-9074-B2C83B081F0E}.Release|x86.Build.0 = Release|Any CPU
		{2C77F99A-9F8B-4D16-9CB9-3F980C4D5EAD}.Debug|Any CPU.ActiveCfg = Debug|Any CPU
		{2C77F99A-9F8B-4D16-9CB9-3F980C4D5EAD}.Debug|Any CPU.Build.0 = Debug|Any CPU
		{2C77F99A-9F8B-4D16-9CB9-3F980C4D5EAD}.Debug|x64.ActiveCfg = Debug|Any CPU
		{2C77F99A-9F8B-4D16-9CB9-3F980C4D5EAD}.Debug|x64.Build.0 = Debug|Any CPU
		{2C77F99A-9F8B-4D16-9CB9-3F980C4D5EAD}.Debug|x86.ActiveCfg = Debug|Any CPU
		{2C77F99A-9F8B-4D16-9CB9-3F980C4D5EAD}.Debug|x86.Build.0 = Debug|Any CPU
		{2C77F99A-9F8B-4D16-9CB9-3F980C4D5EAD}.Release|Any CPU.ActiveCfg = Release|Any CPU
		{2C77F99A-9F8B-4D16-9CB9-3F980C4D5EAD}.Release|Any CPU.Build.0 = Release|Any CPU
		{2C77F99A-9F8B-4D16-9CB9-3F980C4D5EAD}.Release|x64.ActiveCfg = Release|Any CPU
		{2C77F99A-9F8B-4D16-9CB9-3F980C4D5EAD}.Release|x64.Build.0 = Release|Any CPU
		{2C77F99A-9F8B-4D16-9CB9-3F980C4D5EAD}.Release|x86.ActiveCfg = Release|Any CPU
		{2C77F99A-9F8B-4D16-9CB9-3F980C4D5EAD}.Release|x86.Build.0 = Release|Any CPU
	EndGlobalSection
	GlobalSection(SolutionProperties) = preSolution
		HideSolutionNode = FALSE
	EndGlobalSection
	GlobalSection(NestedProjects) = preSolution
		{A86387A1-6CB7-E87F-8D97-922B56EDCEFC} = {5854FF58-B8C5-05C6-5BF2-ACE42193F22B}
		{707046E0-13DD-4F3F-8B84-4013DFBECA0A} = {A86387A1-6CB7-E87F-8D97-922B56EDCEFC}
		{C255C89F-8D5B-49A9-A091-D415C7A903E4} = {D5740E39-79EC-8D71-EBC3-DD458F48E25C}
		{0A4BA796-2639-87B5-8D50-FE6CF0121D9B} = {5854FF58-B8C5-05C6-5BF2-ACE42193F22B}
		{094334F2-B691-47B7-821F-27E825A595D6} = {0A4BA796-2639-87B5-8D50-FE6CF0121D9B}
		{1B5C9E8F-3D2A-4C5E-9F1E-8B2D5F7A9C3E} = {5854FF58-B8C5-05C6-5BF2-ACE42193F22B}
		{4E227855-4648-962A-E790-FD207C358556} = {5854FF58-B8C5-05C6-5BF2-ACE42193F22B}
		{7A6ECE9F-D49E-414D-A5E0-C2A5D67E3FCA} = {4E227855-4648-962A-E790-FD207C358556}
		{B08A9791-AC8B-4C21-9E9F-79A1FB5203B9} = {5854FF58-B8C5-05C6-5BF2-ACE42193F22B}
		{A40A68B1-1D9A-4C55-A59D-7AA08E4A2481} = {B08A9791-AC8B-4C21-9E9F-79A1FB5203B9}
		{61F436F4-7CCA-4514-ADB5-43CA085AF288} = {31CBEB51-93DC-9CA1-DA8D-67643319BEE1}
		{4BD3BFB7-2941-43B4-9074-B2C83B081F0E} = {5B81F431-0BF1-40C5-AC35-1B83E0B0C612}
		{2C77F99A-9F8B-4D16-9CB9-3F980C4D5EAD} = {5B81F431-0BF1-40C5-AC35-1B83E0B0C612}
	EndGlobalSection
EndGlobal
